
Microsoft Visual Studio Solution File, Format Version 12.00
# Visual Studio Version 17
VisualStudioVersion = 17.0.31903.59
MinimumVisualStudioVersion = 10.0.40219.1
Project("{2150E333-8FDC-42A3-9474-1A3956D46DE8}") = "src", "src", "{827E0CD3-B72D-47B6-A68D-7590B98EB39B}"
EndProject
Project("{FAE04EC0-301F-11D3-BF4B-00C04F79EFBC}") = "BookStore.Domain", "src\BookStore.Domain\BookStore.Domain.csproj", "{FB2E9EC6-2D28-48ED-94B8-60686EBC5F40}"
EndProject
Project("{FAE04EC0-301F-11D3-BF4B-00C04F79EFBC}") = "BookStore.Application", "src\BookStore.Application\BookStore.Application.csproj", "{07C485F4-3841-4F97-B8FB-94FCEB1CB217}"
EndProject
Project("{FAE04EC0-301F-11D3-BF4B-00C04F79EFBC}") = "BookStore.Infrastructure", "src\BookStore.Infrastructure\BookStore.Infrastructure.csproj", "{194DED1F-FE53-4D1A-8C2C-54F85767F687}"
EndProject
Project("{FAE04EC0-301F-11D3-BF4B-00C04F79EFBC}") = "BookStore.Api", "src\BookStore.Api\BookStore.Api.csproj", "{1358C1EC-2425-40C6-8D2F-85E15FA4105D}"
EndProject
Project("{FAE04EC0-301F-11D3-BF4B-00C04F79EFBC}") = "BookStore.Client", "src\BookStore.Client\BookStore.Client.csproj", "{4611E99A-3F7C-4769-A238-D065A50F32CF}"
EndProject
Project("{2150E333-8FDC-42A3-9474-1A3956D46DE8}") = "tests", "tests", "{0AB3BF05-4346-4AA6-1389-037BE0695223}"
EndProject
Project("{FAE04EC0-301F-11D3-BF4B-00C04F79EFBC}") = "BookStore.Domain.Tests", "tests\BookStore.Domain.Tests\BookStore.Domain.Tests.csproj", "{C7B0742F-418E-4957-8AF6-6D54AC0CDC0C}"
EndProject
Project("{FAE04EC0-301F-11D3-BF4B-00C04F79EFBC}") = "BookStore.Application.Tests", "tests\BookStore.Application.Tests\BookStore.Application.Tests.csproj", "{D1F0E1C3-68DC-483C-9023-761E8BCA2A96}"
EndProject
Global
	GlobalSection(SolutionConfigurationPlatforms) = preSolution
		Debug|Any CPU = Debug|Any CPU
		Debug|x64 = Debug|x64
		Debug|x86 = Debug|x86
		Release|Any CPU = Release|Any CPU
		Release|x64 = Release|x64
		Release|x86 = Release|x86
	EndGlobalSection
	GlobalSection(ProjectConfigurationPlatforms) = postSolution
		{FB2E9EC6-2D28-48ED-94B8-60686EBC5F40}.Debug|Any CPU.ActiveCfg = Debug|Any CPU
		{FB2E9EC6-2D28-48ED-94B8-60686EBC5F40}.Debug|Any CPU.Build.0 = Debug|Any CPU
		{FB2E9EC6-2D28-48ED-94B8-60686EBC5F40}.Debug|x64.ActiveCfg = Debug|Any CPU
		{FB2E9EC6-2D28-48ED-94B8-60686EBC5F40}.Debug|x64.Build.0 = Debug|Any CPU
		{FB2E9EC6-2D28-48ED-94B8-60686EBC5F40}.Debug|x86.ActiveCfg = Debug|Any CPU
		{FB2E9EC6-2D28-48ED-94B8-60686EBC5F40}.Debug|x86.Build.0 = Debug|Any CPU
		{FB2E9EC6-2D28-48ED-94B8-60686EBC5F40}.Release|Any CPU.ActiveCfg = Release|Any CPU
		{FB2E9EC6-2D28-48ED-94B8-60686EBC5F40}.Release|Any CPU.Build.0 = Release|Any CPU
		{FB2E9EC6-2D28-48ED-94B8-60686EBC5F40}.Release|x64.ActiveCfg = Release|Any CPU
		{FB2E9EC6-2D28-48ED-94B8-60686EBC5F40}.Release|x64.Build.0 = Release|Any CPU
		{FB2E9EC6-2D28-48ED-94B8-60686EBC5F40}.Release|x86.ActiveCfg = Release|Any CPU
		{FB2E9EC6-2D28-48ED-94B8-60686EBC5F40}.Release|x86.Build.0 = Release|Any CPU
		{07C485F4-3841-4F97-B8FB-94FCEB1CB217}.Debug|Any CPU.ActiveCfg = Debug|Any CPU
		{07C485F4-3841-4F97-B8FB-94FCEB1CB217}.Debug|Any CPU.Build.0 = Debug|Any CPU
		{07C485F4-3841-4F97-B8FB-94FCEB1CB217}.Debug|x64.ActiveCfg = Debug|Any CPU
		{07C485F4-3841-4F97-B8FB-94FCEB1CB217}.Debug|x64.Build.0 = Debug|Any CPU
		{07C485F4-3841-4F97-B8FB-94FCEB1CB217}.Debug|x86.ActiveCfg = Debug|Any CPU
		{07C485F4-3841-4F97-B8FB-94FCEB1CB217}.Debug|x86.Build.0 = Debug|Any CPU
		{07C485F4-3841-4F97-B8FB-94FCEB1CB217}.Release|Any CPU.ActiveCfg = Release|Any CPU
		{07C485F4-3841-4F97-B8FB-94FCEB1CB217}.Release|Any CPU.Build.0 = Release|Any CPU
		{07C485F4-3841-4F97-B8FB-94FCEB1CB217}.Release|x64.ActiveCfg = Release|Any CPU
		{07C485F4-3841-4F97-B8FB-94FCEB1CB217}.Release|x64.Build.0 = Release|Any CPU
		{07C485F4-3841-4F97-B8FB-94FCEB1CB217}.Release|x86.ActiveCfg = Release|Any CPU
		{07C485F4-3841-4F97-B8FB-94FCEB1CB217}.Release|x86.Build.0 = Release|Any CPU
		{194DED1F-FE53-4D1A-8C2C-54F85767F687}.Debug|Any CPU.ActiveCfg = Debug|Any CPU
		{194DED1F-FE53-4D1A-8C2C-54F85767F687}.Debug|Any CPU.Build.0 = Debug|Any CPU
		{194DED1F-FE53-4D1A-8C2C-54F85767F687}.Debug|x64.ActiveCfg = Debug|Any CPU
		{194DED1F-FE53-4D1A-8C2C-54F85767F687}.Debug|x64.Build.0 = Debug|Any CPU
		{194DED1F-FE53-4D1A-8C2C-54F85767F687}.Debug|x86.ActiveCfg = Debug|Any CPU
		{194DED1F-FE53-4D1A-8C2C-54F85767F687}.Debug|x86.Build.0 = Debug|Any CPU
		{194DED1F-FE53-4D1A-8C2C-54F85767F687}.Release|Any CPU.ActiveCfg = Release|Any CPU
		{194DED1F-FE53-4D1A-8C2C-54F85767F687}.Release|Any CPU.Build.0 = Release|Any CPU
		{194DED1F-FE53-4D1A-8C2C-54F85767F687}.Release|x64.ActiveCfg = Release|Any CPU
		{194DED1F-FE53-4D1A-8C2C-54F85767F687}.Release|x64.Build.0 = Release|Any CPU
		{194DED1F-FE53-4D1A-8C2C-54F85767F687}.Release|x86.ActiveCfg = Release|Any CPU
		{194DED1F-FE53-4D1A-8C2C-54F85767F687}.Release|x86.Build.0 = Release|Any CPU
		{1358C1EC-2425-40C6-8D2F-85E15FA4105D}.Debug|Any CPU.ActiveCfg = Debug|Any CPU
		{1358C1EC-2425-40C6-8D2F-85E15FA4105D}.Debug|Any CPU.Build.0 = Debug|Any CPU
		{1358C1EC-2425-40C6-8D2F-85E15FA4105D}.Debug|x64.ActiveCfg = Debug|Any CPU
		{1358C1EC-2425-40C6-8D2F-85E15FA4105D}.Debug|x64.Build.0 = Debug|Any CPU
		{1358C1EC-2425-40C6-8D2F-85E15FA4105D}.Debug|x86.ActiveCfg = Debug|Any CPU
		{1358C1EC-2425-40C6-8D2F-85E15FA4105D}.Debug|x86.Build.0 = Debug|Any CPU
		{1358C1EC-2425-40C6-8D2F-85E15FA4105D}.Release|Any CPU.ActiveCfg = Release|Any CPU
		{1358C1EC-2425-40C6-8D2F-85E15FA4105D}.Release|Any CPU.Build.0 = Release|Any CPU
		{1358C1EC-2425-40C6-8D2F-85E15FA4105D}.Release|x64.ActiveCfg = Release|Any CPU
		{1358C1EC-2425-40C6-8D2F-85E15FA4105D}.Release|x64.Build.0 = Release|Any CPU
		{1358C1EC-2425-40C6-8D2F-85E15FA4105D}.Release|x86.ActiveCfg = Release|Any CPU
		{1358C1EC-2425-40C6-8D2F-85E15FA4105D}.Release|x86.Build.0 = Release|Any CPU
		{4611E99A-3F7C-4769-A238-D065A50F32CF}.Debug|Any CPU.ActiveCfg = Debug|Any CPU
		{4611E99A-3F7C-4769-A238-D065A50F32CF}.Debug|Any CPU.Build.0 = Debug|Any CPU
		{4611E99A-3F7C-4769-A238-D065A50F32CF}.Debug|x64.ActiveCfg = Debug|Any CPU
		{4611E99A-3F7C-4769-A238-D065A50F32CF}.Debug|x64.Build.0 = Debug|Any CPU
		{4611E99A-3F7C-4769-A238-D065A50F32CF}.Debug|x86.ActiveCfg = Debug|Any CPU
		{4611E99A-3F7C-4769-A238-D065A50F32CF}.Debug|x86.Build.0 = Debug|Any CPU
		{4611E99A-3F7C-4769-A238-D065A50F32CF}.Release|Any CPU.ActiveCfg = Release|Any CPU
		{4611E99A-3F7C-4769-A238-D065A50F32CF}.Release|Any CPU.Build.0 = Release|Any CPU
		{4611E99A-3F7C-4769-A238-D065A50F32CF}.Release|x64.ActiveCfg = Release|Any CPU
		{4611E99A-3F7C-4769-A238-D065A50F32CF}.Release|x64.Build.0 = Release|Any CPU
		{4611E99A-3F7C-4769-A238-D065A50F32CF}.Release|x86.ActiveCfg = Release|Any CPU
		{4611E99A-3F7C-4769-A238-D065A50F32CF}.Release|x86.Build.0 = Release|Any CPU
		{C7B0742F-418E-4957-8AF6-6D54AC0CDC0C}.Debug|Any CPU.ActiveCfg = Debug|Any CPU
		{C7B0742F-418E-4957-8AF6-6D54AC0CDC0C}.Debug|Any CPU.Build.0 = Debug|Any CPU
		{C7B0742F-418E-4957-8AF6-6D54AC0CDC0C}.Debug|x64.ActiveCfg = Debug|Any CPU
		{C7B0742F-418E-4957-8AF6-6D54AC0CDC0C}.Debug|x64.Build.0 = Debug|Any CPU
		{C7B0742F-418E-4957-8AF6-6D54AC0CDC0C}.Debug|x86.ActiveCfg = Debug|Any CPU
		{C7B0742F-418E-4957-8AF6-6D54AC0CDC0C}.Debug|x86.Build.0 = Debug|Any CPU
		{C7B0742F-418E-4957-8AF6-6D54AC0CDC0C}.Release|Any CPU.ActiveCfg = Release|Any CPU
		{C7B0742F-418E-4957-8AF6-6D54AC0CDC0C}.Release|Any CPU.Build.0 = Release|Any CPU
		{C7B0742F-418E-4957-8AF6-6D54AC0CDC0C}.Release|x64.ActiveCfg = Release|Any CPU
		{C7B0742F-418E-4957-8AF6-6D54AC0CDC0C}.Release|x64.Build.0 = Release|Any CPU
		{C7B0742F-418E-4957-8AF6-6D54AC0CDC0C}.Release|x86.ActiveCfg = Release|Any CPU
		{C7B0742F-418E-4957-8AF6-6D54AC0CDC0C}.Release|x86.Build.0 = Release|Any CPU
		{D1F0E1C3-68DC-483C-9023-761E8BCA2A96}.Debug|Any CPU.ActiveCfg = Debug|Any CPU
		{D1F0E1C3-68DC-483C-9023-761E8BCA2A96}.Debug|Any CPU.Build.0 = Debug|Any CPU
		{D1F0E1C3-68DC-483C-9023-761E8BCA2A96}.Debug|x64.ActiveCfg = Debug|Any CPU
		{D1F0E1C3-68DC-483C-9023-761E8BCA2A96}.Debug|x64.Build.0 = Debug|Any CPU
		{D1F0E1C3-68DC-483C-9023-761E8BCA2A96}.Debug|x86.ActiveCfg = Debug|Any CPU
		{D1F0E1C3-68DC-483C-9023-761E8BCA2A96}.Debug|x86.Build.0 = Debug|Any CPU
		{D1F0E1C3-68DC-483C-9023-761E8BCA2A96}.Release|Any CPU.ActiveCfg = Release|Any CPU
		{D1F0E1C3-68DC-483C-9023-761E8BCA2A96}.Release|Any CPU.Build.0 = Release|Any CPU
		{D1F0E1C3-68DC-483C-9023-761E8BCA2A96}.Release|x64.ActiveCfg = Release|Any CPU
		{D1F0E1C3-68DC-483C-9023-761E8BCA2A96}.Release|x64.Build.0 = Release|Any CPU
		{D1F0E1C3-68DC-483C-9023-761E8BCA2A96}.Release|x86.ActiveCfg = Release|Any CPU
		{D1F0E1C3-68DC-483C-9023-761E8BCA2A96}.Release|x86.Build.0 = Release|Any CPU
	EndGlobalSection
	GlobalSection(SolutionProperties) = preSolution
		HideSolutionNode = FALSE
	EndGlobalSection
	GlobalSection(NestedProjects) = preSolution
		{FB2E9EC6-2D28-48ED-94B8-60686EBC5F40} = {827E0CD3-B72D-47B6-A68D-7590B98EB39B}
		{07C485F4-3841-4F97-B8FB-94FCEB1CB217} = {827E0CD3-B72D-47B6-A68D-7590B98EB39B}
		{194DED1F-FE53-4D1A-8C2C-54F85767F687} = {827E0CD3-B72D-47B6-A68D-7590B98EB39B}
		{1358C1EC-2425-40C6-8D2F-85E15FA4105D} = {827E0CD3-B72D-47B6-A68D-7590B98EB39B}
		{4611E99A-3F7C-4769-A238-D065A50F32CF} = {827E0CD3-B72D-47B6-A68D-7590B98EB39B}
		{C7B0742F-418E-4957-8AF6-6D54AC0CDC0C} = {0AB3BF05-4346-4AA6-1389-037BE0695223}
		{D1F0E1C3-68DC-483C-9023-761E8BCA2A96} = {0AB3BF05-4346-4AA6-1389-037BE0695223}
	EndGlobalSection
EndGlobal
